dependencies:
- name: besu
  repository: file://../besu
  version: 1.0.7
- name: erigon
  repository: file://../erigon
  version: 1.0.10
- name: ethereumjs
  repository: file://../ethereumjs
  version: 0.0.8
- name: geth
  repository: file://../geth
  version: 1.0.9
- name: nethermind
  repository: file://../nethermind
  version: 1.0.12
- name: reth
  repository: file://../reth
  version: 0.0.14
- name: grandine
  repository: file://../grandine
  version: 0.1.2
- name: lighthouse
  repository: file://../lighthouse
  version: 1.1.3
- name: lodestar
  repository: file://../lodestar
  version: 1.1.3
- name: nimbus
  repository: file://../nimbus
  version: 1.1.3
- name: prysm
  repository: file://../prysm
  version: 1.1.4
- name: teku
  repository: file://../teku
  version: 1.1.3
- name: ethereum-metrics-exporter
  repository: file://../ethereum-metrics-exporter
  version: 0.1.4
- name: xatu-sentry
  repository: file://../xatu-sentry
  version: 0.0.8
- name: tracoor-agent
  repository: file://../tracoor-agent
  version: 0.0.1
digest: sha256:200340a9b92d62258900ed3d28bd6164abf880d2ba1325216de6b93558dcff43
generated: "2024-07-14T20:48:22.598701-04:00"
